schema: '2.0'
stages:
  make_dataset:
    cmd: python src/bike_sharing/data/make_dataset.py
    deps:
    - path: configs/config.yaml
      hash: md5
      md5: d12e1e0773c53497fb3aa2820c4f6ba2
      size: 134
    - path: configs/dataset/kaggle.yaml
      hash: md5
      md5: e85c46b3314ef067517fce4cffc0f28c
      size: 123
    - path: src/bike_sharing/data/make_dataset.py
      hash: md5
      md5: 401e627542175acc2912c08378f8c0cc
      size: 858
    outs:
    - path: data/raw/day.csv
      hash: md5
      md5: fc9dd35812a1ee180fe17e6ef72a4121
      size: 57569
    - path: data/raw/hour.csv
      hash: md5
      md5: d50bd5a6f55131e72a7bedc334e2fce1
      size: 1156736
  build_features:
    cmd: python src/bike_sharing/features/build_features.py
    deps:
    - path: configs/config.yaml
      hash: md5
      md5: 45334c9cca3fb84a5fb1d96d3c00cba2
      size: 199
    - path: configs/features/default.yaml
      hash: md5
      md5: a88da66f9e1bf0c3c3ca5b2617d50f3c
      size: 234
    - path: data/raw/hour_past.csv
      hash: md5
      md5: 1f72b4cbba0645c7b2f5b8fbc7794439
      size: 1029023
    - path: src/bike_sharing/features/build_features.py
      hash: md5
      md5: 7de8664504032eaf8797b3c86345bc4b
      size: 7902
    outs:
    - path: data/processed/train.csv
      hash: md5
      md5: a073a7b92ff389a98d0737777b38ddb2
      size: 3017985
    - path: data/processed/val.csv
      hash: md5
      md5: 754a00db3405215512a84bd65a51e95d
      size: 772420
  train:
    cmd: python src/bike_sharing/models/train.py
    deps:
    - path: configs/config.yaml
      hash: md5
      md5: 45334c9cca3fb84a5fb1d96d3c00cba2
      size: 199
    - path: configs/model/lgbm.yaml
      hash: md5
      md5: 4a696cc23fff5d869ac8efb5578feb3c
      size: 750
    - path: data/processed/train.csv
      hash: md5
      md5: a073a7b92ff389a98d0737777b38ddb2
      size: 3017985
    - path: data/processed/val.csv
      hash: md5
      md5: 754a00db3405215512a84bd65a51e95d
      size: 772420
    - path: src/bike_sharing/models/train.py
      hash: md5
      md5: a22d45798d144c752b5c0dfe7e6b870e
      size: 9747
    params:
      configs/model/lgbm.yaml:
        n_trials: 50
        random_state: 42
        tune: false
    outs:
    - path: artifacts/lgbm_casual.txt
      hash: md5
      md5: 9d4e42e2e68b3cb6279c83e0607b8117
      size: 5778257
    - path: artifacts/lgbm_registered.txt
      hash: md5
      md5: fe6e7ea70e8177baf4075a32560b7ee7
      size: 6071288
  evaluate:
    cmd: python src/bike_sharing/models/evaluate.py
    deps:
    - path: artifacts/lgbm_casual.txt
      hash: md5
      md5: 9d4e42e2e68b3cb6279c83e0607b8117
      size: 5778257
    - path: artifacts/lgbm_registered.txt
      hash: md5
      md5: fe6e7ea70e8177baf4075a32560b7ee7
      size: 6071288
    - path: configs/config.yaml
      hash: md5
      md5: 45334c9cca3fb84a5fb1d96d3c00cba2
      size: 199
    - path: data/processed/val.csv
      hash: md5
      md5: 754a00db3405215512a84bd65a51e95d
      size: 772420
    - path: src/bike_sharing/models/evaluate.py
      hash: md5
      md5: b3678aabd50a63deec50fa3b1cf8c2ff
      size: 7529
    outs:
    - path: artifacts/actual_vs_predicted.png
      hash: md5
      md5: d36a3e43a8e8bfb13e7c7fc4292e3f8b
      size: 144963
    - path: artifacts/demand_over_time.png
      hash: md5
      md5: f2604998bc495647eeafc12a4e231dd8
      size: 113031
    - path: artifacts/metrics.json
      hash: md5
      md5: 482fab74f82cbb3ac7b4a625e5025ffc
      size: 92
    - path: artifacts/residuals.png
      hash: md5
      md5: f85d3f6f5a11cfe9f427bf3eb59b11d8
      size: 158599
    - path: artifacts/shap_casual.png
      hash: md5
      md5: 2e22c85ba235e0614225ea7e6fed7342
      size: 165386
    - path: artifacts/shap_registered.png
      hash: md5
      md5: 9ea502c66ada3291e7ece446491fb4ea
      size: 157732
  shift_dates:
    cmd: python src/bike_sharing/data/shift_dates.py
    deps:
    - path: configs/config.yaml
      hash: md5
      md5: d12e1e0773c53497fb3aa2820c4f6ba2
      size: 134
    - path: configs/simulation/default.yaml
      hash: md5
      md5: 9579ea3ff2c5f76f5b9dc6dc07f44846
      size: 210
    - path: data/raw/hour.csv
      hash: md5
      md5: d50bd5a6f55131e72a7bedc334e2fce1
      size: 1156736
    - path: src/bike_sharing/data/shift_dates.py
      hash: md5
      md5: 8d0ffbda043419bc55f5b1fb699318c2
      size: 5864
    outs:
    - path: data/raw/hour_future.csv
      hash: md5
      md5: d9e3304c9a7a8df1ea8c81a10de7481b
      size: 118444
    - path: data/raw/hour_past.csv
      hash: md5
      md5: cbdd41a004ea3a42d021979af08dd1c5
      size: 1025982
    - path: data/raw/hour_shifted.csv
      hash: md5
      md5: 6114bfa0dfc6e01d0496c01b415a7fda
      size: 1144308
